
Microsoft Visual Studio Solution File, Format Version 12.00
# Visual Studio Version 16
VisualStudioVersion = 16.0.30225.117
MinimumVisualStudioVersion = 10.0.40219.1
Project("{FAE04EC0-301F-11D3-BF4B-00C04F79EFBC}") = "Postmanagement", "Postmanagement\Postmanagement.csproj", "{B0D8A511-9848-4EBC-A0A3-2F32A02A381B}"
EndProject
Global
	GlobalSection(SolutionConfigurationPlatforms) = preSolution
		Debug|Any CPU = Debug|Any CPU
		Release|Any CPU = Release|Any CPU
	EndGlobalSection
	GlobalSection(ProjectConfigurationPlatforms) = postSolution
		{B0D8A511-9848-4EBC-A0A3-2F32A02A381B}.Debug|Any CPU.ActiveCfg = Debug|Any CPU
		{B0D8A511-9848-4EBC-A0A3-2F32A02A381B}.Debug|Any CPU.Build.0 = Debug|Any CPU
		{B0D8A511-9848-4EBC-A0A3-2F32A02A381B}.Release|Any CPU.ActiveCfg = Release|Any CPU
		{B0D8A511-9848-4EBC-A0A3-2F32A02A381B}.Release|Any CPU.Build.0 = Release|Any CPU
	EndGlobalSection
	GlobalSection(SolutionProperties) = preSolution
		HideSolutionNode = FALSE
	EndGlobalSection
	GlobalSection(ExtensibilityGlobals) = postSolution
		SolutionGuid = {AE37C05D-EAF9-4BD9-8B35-6396496D1F49}
	EndGlobalSection
EndGlobal
